[[package]]
name = "python-utils"
version = "3.5.2"
description = "Python Utils is a module with some convenient utilities not included with the standard Python install"
category = "main"
optional = false
python-versions = ">3.6.0"

[package.extras]
docs = ["mock", "python-utils", "sphinx"]
loguru = ["loguru"]
tests = ["flake8", "loguru", "pytest", "pytest-asyncio", "pytest-cov", "pytest-mypy", "sphinx", "types-setuptools"]

[[package]]
name = "timedelta"
version = "2020.12.3"
description = "datetime.timedelta replacement"
category = "main"
optional = false
python-versions = "*"

[[package]]
name = "utils"
version = "1.0.1"
description = "A grab-bag of utility functions and objects"
category = "main"
optional = false
python-versions = ">=3.6"

[metadata]
lock-version = "1.1"
python-versions = "^3.11"
content-hash = "65c4c45cc92f7248c86717c916db1bb28c71b95a1b57b28b3e804988f14d9383"

[metadata.files]
python-utils = [
    {file = "python-utils-3.5.2.tar.gz", hash = "sha256:68198854fc276bc4b2403b261703c218e01ef564dcb072a7096ed9ea7aa5130c"},
    {file = "python_utils-3.5.2-py2.py3-none-any.whl", hash = "sha256:8bfefc3430f1c48408fa0e5958eee51d39840a5a987c2181a579e99ab6fe5ca6"},
]
timedelta = [
    {file = "timedelta-2020.12.3.tar.gz", hash = "sha256:41c28b314de9cb6e4c95fcc9f4e3ecee435f2fc821a079cd9243be4783ac4cf4"},
]
utils = [
    {file = "utils-1.0.1-py2.py3-none-any.whl", hash = "sha256:ff04549b95deb2fd7a82ddaea077e2f41209079e2482df231c358770b27b72a7"},
]
